
Microsoft Visual Studio Solution File, Format Version 12.00
# Visual Studio Version 16
VisualStudioVersion = 16.0.31313.79
MinimumVisualStudioVersion = 10.0.40219.1
Project("{FAE04EC0-301F-11D3-BF4B-00C04F79EFBC}") = "Calc", "Calc\Calc.csproj", "{B1A6D03F-A0E0-4D52-9109-3110B79F2207}"
EndProject
Global
	GlobalSection(SolutionConfigurationPlatforms) = preSolution
		Debug|Any CPU = Debug|Any CPU
		Release|Any CPU = Release|Any CPU
	EndGlobalSection
	GlobalSection(ProjectConfigurationPlatforms) = postSolution
		{B1A6D03F-A0E0-4D52-9109-3110B79F2207}.Debug|Any CPU.ActiveCfg = Debug|Any CPU
		{B1A6D03F-A0E0-4D52-9109-3110B79F2207}.Debug|Any CPU.Build.0 = Debug|Any CPU
		{B1A6D03F-A0E0-4D52-9109-3110B79F2207}.Release|Any CPU.ActiveCfg = Release|Any CPU
		{B1A6D03F-A0E0-4D52-9109-3110B79F2207}.Release|Any CPU.Build.0 = Release|Any CPU
	EndGlobalSection
	GlobalSection(SolutionProperties) = preSolution
		HideSolutionNode = FALSE
	EndGlobalSection
	GlobalSection(ExtensibilityGlobals) = postSolution
		SolutionGuid = {63AE8B00-FB77-44FE-A0B2-46130D460E88}
	EndGlobalSection
EndGlobal
